
Microsoft Visual Studio Solution File, Format Version 12.00
# Visual Studio Version 17
VisualStudioVersion = 17.11.35219.272
MinimumVisualStudioVersion = 10.0.40219.1
Project("{FAE04EC0-301F-11D3-BF4B-00C04F79EFBC}") = "Image processing", "Image processing\Image processing.csproj", "{CF860B7B-BE3F-4F81-A465-1BFF95541D00}"
EndProject
Global
	GlobalSection(SolutionConfigurationPlatforms) = preSolution
		Debug|Any CPU = Debug|Any CPU
		Release|Any CPU = Release|Any CPU
	EndGlobalSection
	GlobalSection(ProjectConfigurationPlatforms) = postSolution
		{CF860B7B-BE3F-4F81-A465-1BFF95541D00}.Debug|Any CPU.ActiveCfg = Debug|Any CPU
		{CF860B7B-BE3F-4F81-A465-1BFF95541D00}.Debug|Any CPU.Build.0 = Debug|Any CPU
		{CF860B7B-BE3F-4F81-A465-1BFF95541D00}.Release|Any CPU.ActiveCfg = Release|Any CPU
		{CF860B7B-BE3F-4F81-A465-1BFF95541D00}.Release|Any CPU.Build.0 = Release|Any CPU
	EndGlobalSection
	GlobalSection(SolutionProperties) = preSolution
		HideSolutionNode = FALSE
	EndGlobalSection
	GlobalSection(ExtensibilityGlobals) = postSolution
		SolutionGuid = {29A28C17-5F63-453D-A078-29C0DA5D4000}
	EndGlobalSection
EndGlobal
